
Microsoft Visual Studio Solution File, Format Version 12.00
# Visual Studio Version 17
VisualStudioVersion = 17.4.33213.308
MinimumVisualStudioVersion = 10.0.40219.1
Project("{9A19103F-16F7-4668-BE54-9A1E7A4F7556}") = "Oligopoly", "src\Oligopoly\Oligopoly.csproj", "{0BA0A6A0-3B15-4C13-8B7E-5C9D635472BF}"
EndProject
Project("{2150E333-8FDC-42A3-9474-1A3956D46DE8}") = "Solution Items", "Solution Items", "{CA96762D-31A0-416C-9C7A-7D2EE61DC31F}"
	ProjectSection(SolutionItems) = preProject
		.gitattributes = .gitattributes
		.gitignore = .gitignore
		docs\board-schema.json = docs\board-schema.json
		data\board.json = data\board.json
		.github\workflows\deploy-to-github-pages.yml = .github\workflows\deploy-to-github-pages.yml
		docs\licenses.json = docs\licenses.json
		tools\New-ThirdPartyNotices.ps1 = tools\New-ThirdPartyNotices.ps1
	EndProjectSection
	ProjectSection(FolderGlobals) = preProject
		C_5_4Users_4ishan_4source_4repos_4oligopoly_4data_4board_1json__JsonSchema = ../docs/board-schema.json
	EndProjectSection
EndProject
Project("{9A19103F-16F7-4668-BE54-9A1E7A4F7556}") = "Oligopoly.Tests", "test\Oligopoly.Tests\Oligopoly.Tests.csproj", "{684F7F13-AA4D-4FFD-A142-61F76D9FC367}"
EndProject
Project("{9A19103F-16F7-4668-BE54-9A1E7A4F7556}") = "Oligopoly.WebAssembly", "src\Oligopoly.WebAssembly\Oligopoly.WebAssembly.csproj", "{76DA3D88-CBF4-49D8-A55A-37E2993DB1A5}"
EndProject
Global
	GlobalSection(SolutionConfigurationPlatforms) = preSolution
		Debug|Any CPU = Debug|Any CPU
		Release|Any CPU = Release|Any CPU
	EndGlobalSection
	GlobalSection(ProjectConfigurationPlatforms) = postSolution
		{0BA0A6A0-3B15-4C13-8B7E-5C9D635472BF}.Debug|Any CPU.ActiveCfg = Debug|Any CPU
		{0BA0A6A0-3B15-4C13-8B7E-5C9D635472BF}.Debug|Any CPU.Build.0 = Debug|Any CPU
		{0BA0A6A0-3B15-4C13-8B7E-5C9D635472BF}.Release|Any CPU.ActiveCfg = Release|Any CPU
		{0BA0A6A0-3B15-4C13-8B7E-5C9D635472BF}.Release|Any CPU.Build.0 = Release|Any CPU
		{684F7F13-AA4D-4FFD-A142-61F76D9FC367}.Debug|Any CPU.ActiveCfg = Debug|Any CPU
		{684F7F13-AA4D-4FFD-A142-61F76D9FC367}.Debug|Any CPU.Build.0 = Debug|Any CPU
		{684F7F13-AA4D-4FFD-A142-61F76D9FC367}.Release|Any CPU.ActiveCfg = Release|Any CPU
		{684F7F13-AA4D-4FFD-A142-61F76D9FC367}.Release|Any CPU.Build.0 = Release|Any CPU
		{76DA3D88-CBF4-49D8-A55A-37E2993DB1A5}.Debug|Any CPU.ActiveCfg = Debug|Any CPU
		{76DA3D88-CBF4-49D8-A55A-37E2993DB1A5}.Debug|Any CPU.Build.0 = Debug|Any CPU
		{76DA3D88-CBF4-49D8-A55A-37E2993DB1A5}.Release|Any CPU.ActiveCfg = Release|Any CPU
		{76DA3D88-CBF4-49D8-A55A-37E2993DB1A5}.Release|Any CPU.Build.0 = Release|Any CPU
	EndGlobalSection
	GlobalSection(SolutionProperties) = preSolution
		HideSolutionNode = FALSE
	EndGlobalSection
	GlobalSection(ExtensibilityGlobals) = postSolution
		SolutionGuid = {599CC20A-9B9B-4E47-90DC-2170B5B6CBC6}
	EndGlobalSection
EndGlobal
